<?xml version="1.0" encoding="UTF-8" standalone="yes" ?>
<CodeBlocks_project_file>
	<FileVersion major="1" minor="6" />
	<Project>
		<Option title="sqript_c" />
		<Option pch_mode="2" />
		<Option compiler="gcc" />
		<Build>
			<Target title="Debug">
				<Option output="bin/Debug/sqript_c" prefix_auto="1" extension_auto="1" />
				<Option object_output="obj/Debug/" />
				<Option type="1" />
				<Option compiler="gcc" />
				<Compiler>
					<Add option="-g" />
				</Compiler>
			</Target>
			<Target title="Release">
				<Option output="bin/Release/sqript_c" prefix_auto="1" extension_auto="1" />
				<Option object_output="obj/Release/" />
				<Option type="1" />
				<Option compiler="gcc" />
				<Compiler>
					<Add option="-O2" />
				</Compiler>
				<Linker>
					<Add option="-s" />
				</Linker>
			</Target>
		</Build>
		<Compiler>
			<Add option="-Wall" />
		</Compiler>
		<Unit filename="common.h" />
		<Unit filename="digest.c">
			<Option compilerVar="CC" />
		</Unit>
		<Unit filename="digest.h" />
		<Unit filename="log.c">
			<Option compilerVar="CC" />
		</Unit>
		<Unit filename="log.h" />
		<Unit filename="main.c">
			<Option compilerVar="CC" />
		</Unit>
		<Unit filename="memory.c">
			<Option compilerVar="CC" />
		</Unit>
		<Unit filename="memory.h" />
		<Unit filename="operation.h" />
		<Unit filename="runtime.c">
			<Option compilerVar="CC" />
		</Unit>
		<Unit filename="runtime.h" />
		<Unit filename="segment.c">
			<Option compilerVar="CC" />
		</Unit>
		<Unit filename="segment.h" />
		<Unit filename="value.c">
			<Option compilerVar="CC" />
		</Unit>
		<Unit filename="value.h" />
		<Extensions>
			<debugger>
				<search_path add="..\..\..\..\..\cygwin64\bin\mingw32\bin" />
			</debugger>
			<lib_finder disable_auto="1" />
		</Extensions>
	</Project>
</CodeBlocks_project_file>
